
Microsoft Visual Studio Solution File, Format Version 12.00
# Visual Studio Version 17
VisualStudioVersion = 17.5.33516.290
MinimumVisualStudioVersion = 10.0.40219.1
Project("{E24C65DC-7377-472B-9ABA-BC803B73C61A}") = "PersonService", ".", "{D07ABA4E-076D-4075-8F7A-220862AB556A}"
	ProjectSection(WebsiteProperties) = preProject
		TargetFrameworkMoniker = ".NETFramework,Version%3Dv4.8"
		ProjectReferences = "{502bf8d1-dba7-4761-9b3e-e719fa21a4c1}|Business.dll;{68A17FC4-7014-4758-90E7-07AD7FA82D27}|Contracts.dll;{59CE82FA-DAA4-4E12-A9AB-4A9706B1387E}|DataAccess.dll;"
		Debug.AspNetCompiler.VirtualPath = "/localhost_64119"
		Debug.AspNetCompiler.PhysicalPath = "..\PersonService\"
		Debug.AspNetCompiler.TargetPath = "PrecompiledWeb\localhost_64119\"
		Debug.AspNetCompiler.Updateable = "true"
		Debug.AspNetCompiler.ForceOverwrite = "true"
		Debug.AspNetCompiler.FixedNames = "false"
		Debug.AspNetCompiler.Debug = "True"
		Release.AspNetCompiler.VirtualPath = "/localhost_64119"
		Release.AspNetCompiler.PhysicalPath = "..\PersonService\"
		Release.AspNetCompiler.TargetPath = "PrecompiledWeb\localhost_64119\"
		Release.AspNetCompiler.Updateable = "true"
		Release.AspNetCompiler.ForceOverwrite = "true"
		Release.AspNetCompiler.FixedNames = "false"
		Release.AspNetCompiler.Debug = "False"
		VWDPort = "64119"
		SlnRelativePath = "..\PersonService\"
		DefaultWebSiteLanguage = "Visual C#"
	EndProjectSection
EndProject
Project("{FAE04EC0-301F-11D3-BF4B-00C04F79EFBC}") = "Contracts", "Contracts\Contracts.csproj", "{68A17FC4-7014-4758-90E7-07AD7FA82D27}"
EndProject
Project("{FAE04EC0-301F-11D3-BF4B-00C04F79EFBC}") = "Business", "Business\Business.csproj", "{502BF8D1-DBA7-4761-9B3E-E719FA21A4C1}"
EndProject
Project("{FAE04EC0-301F-11D3-BF4B-00C04F79EFBC}") = "DataAccess", "DataAccess\DataAccess.csproj", "{59CE82FA-DAA4-4E12-A9AB-4A9706B1387E}"
EndProject
Global
	GlobalSection(SolutionConfigurationPlatforms) = preSolution
		Debug|Any CPU = Debug|Any CPU
		Release|Any CPU = Release|Any CPU
	EndGlobalSection
	GlobalSection(ProjectConfigurationPlatforms) = postSolution
		{D07ABA4E-076D-4075-8F7A-220862AB556A}.Debug|Any CPU.ActiveCfg = Debug|Any CPU
		{D07ABA4E-076D-4075-8F7A-220862AB556A}.Debug|Any CPU.Build.0 = Debug|Any CPU
		{D07ABA4E-076D-4075-8F7A-220862AB556A}.Release|Any CPU.ActiveCfg = Debug|Any CPU
		{D07ABA4E-076D-4075-8F7A-220862AB556A}.Release|Any CPU.Build.0 = Debug|Any CPU
		{68A17FC4-7014-4758-90E7-07AD7FA82D27}.Debug|Any CPU.ActiveCfg = Debug|Any CPU
		{68A17FC4-7014-4758-90E7-07AD7FA82D27}.Debug|Any CPU.Build.0 = Debug|Any CPU
		{68A17FC4-7014-4758-90E7-07AD7FA82D27}.Release|Any CPU.ActiveCfg = Release|Any CPU
		{68A17FC4-7014-4758-90E7-07AD7FA82D27}.Release|Any CPU.Build.0 = Release|Any CPU
		{502BF8D1-DBA7-4761-9B3E-E719FA21A4C1}.Debug|Any CPU.ActiveCfg = Debug|Any CPU
		{502BF8D1-DBA7-4761-9B3E-E719FA21A4C1}.Debug|Any CPU.Build.0 = Debug|Any CPU
		{502BF8D1-DBA7-4761-9B3E-E719FA21A4C1}.Release|Any CPU.ActiveCfg = Release|Any CPU
		{502BF8D1-DBA7-4761-9B3E-E719FA21A4C1}.Release|Any CPU.Build.0 = Release|Any CPU
		{59CE82FA-DAA4-4E12-A9AB-4A9706B1387E}.Debug|Any CPU.ActiveCfg = Debug|Any CPU
		{59CE82FA-DAA4-4E12-A9AB-4A9706B1387E}.Debug|Any CPU.Build.0 = Debug|Any CPU
		{59CE82FA-DAA4-4E12-A9AB-4A9706B1387E}.Release|Any CPU.ActiveCfg = Release|Any CPU
		{59CE82FA-DAA4-4E12-A9AB-4A9706B1387E}.Release|Any CPU.Build.0 = Release|Any CPU
	EndGlobalSection
	GlobalSection(SolutionProperties) = preSolution
		HideSolutionNode = FALSE
	EndGlobalSection
	GlobalSection(ExtensibilityGlobals) = postSolution
		SolutionGuid = {FEDBFE9A-CF43-488D-813A-7F5876CE5E40}
	EndGlobalSection
EndGlobal
